// !$*UTF8*$!
{
	archiveVersion = 1;
	classes = {
	};
	objectVersion = 50;
	objects = {

/* Begin PBXBuildFile section */
		965B18592389728F00FFC2AE /* AppDelegate.swift in Sources */ = {isa = PBXBuildFile; fileRef = 965B18582389728F00FFC2AE /* AppDelegate.swift */; };
		965B185B2389728F00FFC2AE /* ViewController.swift in Sources */ = {isa = PBXBuildFile; fileRef = 965B185A2389728F00FFC2AE /* ViewController.swift */; };
		965B185D2389729000FFC2AE /* Assets.xcassets in Resources */ = {isa = PBXBuildFile; fileRef = 965B185C2389729000FFC2AE /* Assets.xcassets */; };
		965B18602389729000FFC2AE /* Main.storyboard in Resources */ = {isa = PBXBuildFile; fileRef = 965B185E2389729000FFC2AE /* Main.storyboard */; };
		965B186A2389731A00FFC2AE /* TouchBar.h in Sources */ = {isa = PBXBuildFile; fileRef = 965B18692389731A00FFC2AE /* TouchBar.h */; };
		96F49A132389944E00D52C88 /* DFRFoundation.framework in Frameworks */ = {isa = PBXBuildFile; fileRef = 96F49A122389944E00D52C88 /* DFRFoundation.framework */; };
		96F49A142389944E00D52C88 /* DFRFoundation.framework in Embed Frameworks */ = {isa = PBXBuildFile; fileRef = 96F49A122389944E00D52C88 /* DFRFoundation.framework */; settings = {ATTRIBUTES = (CodeSignOnCopy, RemoveHeadersOnCopy, ); }; };
/* End PBXBuildFile section */

/* Begin PBXCopyFilesBuildPhase section */
		96F49A152389944E00D52C88 /* Embed Frameworks */ = {
			isa = PBXCopyFilesBuildPhase;
			buildActionMask = 2147483647;
			dstPath = "";
			dstSubfolderSpec = 10;
			files = (
				96F49A142389944E00D52C88 /* DFRFoundation.framework in Embed Frameworks */,
			);
			name = "Embed Frameworks";
			runOnlyForDeploymentPostprocessing = 0;
		};
/* End PBXCopyFilesBuildPhase section */

/* Begin PBXFileReference section */
		965B18552389728F00FFC2AE /* TouchBarKit.app */ = {isa = PBXFileReference; explicitFileType = wrapper.application; includeInIndex = 0; path = TouchBarKit.app; sourceTree = BUILT_PRODUCTS_DIR; };
		965B18582389728F00FFC2AE /* AppDelegate.swift */ = {isa = PBXFileReference; lastKnownFileType = sourcecode.swift; path = AppDelegate.swift; sourceTree = "<group>"; };
		965B185A2389728F00FFC2AE /* ViewController.swift */ = {isa = PBXFileReference; lastKnownFileType = sourcecode.swift; path = ViewController.swift; sourceTree = "<group>"; };
		965B185C2389729000FFC2AE /* Assets.xcassets */ = {isa = PBXFileReference; lastKnownFileType = folder.assetcatalog; path = Assets.xcassets; sourceTree = "<group>"; };
		965B185F2389729000FFC2AE /* Base */ = {isa = PBXFileReference; lastKnownFileType = file.storyboard; name = Base; path = Base.lproj/Main.storyboard; sourceTree = "<group>"; };
		965B18612389729000FFC2AE /* Info.plist */ = {isa = PBXFileReference; lastKnownFileType = text.plist.xml; path = Info.plist; sourceTree = "<group>"; };
		965B18622389729000FFC2AE /* TouchBarKit.entitlements */ = {isa = PBXFileReference; lastKnownFileType = text.plist.entitlements; path = TouchBarKit.entitlements; sourceTree = "<group>"; };
		965B18682389731A00FFC2AE /* TouchBarKit-Bridging-Header.h */ = {isa = PBXFileReference; lastKnownFileType = sourcecode.c.h; path = "TouchBarKit-Bridging-Header.h"; sourceTree = "<group>"; };
		965B18692389731A00FFC2AE /* TouchBar.h */ = {isa = PBXFileReference; lastKnownFileType = sourcecode.c.h; path = TouchBar.h; sourceTree = "<group>"; };
		96F49A122389944E00D52C88 /* DFRFoundation.framework */ = {isa = PBXFileReference; lastKnownFileType = wrapper.framework; name = DFRFoundation.framework; path = ../../../../System/Library/PrivateFrameworks/DFRFoundation.framework; sourceTree = "<group>"; };
/* End PBXFileReference section */

/* Begin PBXFrameworksBuildPhase section */
		965B18522389728F00FFC2AE /* Frameworks */ = {
			isa = PBXFrameworksBuildPhase;
			buildActionMask = 2147483647;
			files = (
				96F49A132389944E00D52C88 /* DFRFoundation.framework in Frameworks */,
			);
			runOnlyForDeploymentPostprocessing = 0;
		};
/* End PBXFrameworksBuildPhase section */

/* Begin PBXGroup section */
		965B184C2389728F00FFC2AE = {
			isa = PBXGroup;
			children = (
				965B18572389728F00FFC2AE /* TouchBarKit */,
				965B18562389728F00FFC2AE /* Products */,
				96F49A112389944E00D52C88 /* Frameworks */,
			);
			sourceTree = "<group>";
		};
		965B18562389728F00FFC2AE /* Products */ = {
			isa = PBXGroup;
			children = (
				965B18552389728F00FFC2AE /* TouchBarKit.app */,
			);
			name = Products;
			sourceTree = "<group>";
		};
		965B18572389728F00FFC2AE /* TouchBarKit */ = {
			isa = PBXGroup;
			children = (
				965B18582389728F00FFC2AE /* AppDelegate.swift */,
				965B185A2389728F00FFC2AE /* ViewController.swift */,
				965B185C2389729000FFC2AE /* Assets.xcassets */,
				965B185E2389729000FFC2AE /* Main.storyboard */,
				965B18612389729000FFC2AE /* Info.plist */,
				965B18622389729000FFC2AE /* TouchBarKit.entitlements */,
				965B186C2389734700FFC2AE /* TouchBar */,
			);
			path = TouchBarKit;
			sourceTree = "<group>";
		};
		965B186C2389734700FFC2AE /* TouchBar */ = {
			isa = PBXGroup;
			children = (
				965B18692389731A00FFC2AE /* TouchBar.h */,
				965B18682389731A00FFC2AE /* TouchBarKit-Bridging-Header.h */,
			);
			path = TouchBar;
			sourceTree = "<group>";
		};
		96F49A112389944E00D52C88 /* Frameworks */ = {
			isa = PBXGroup;
			children = (
				96F49A122389944E00D52C88 /* DFRFoundation.framework */,
			);
			name = Frameworks;
			sourceTree = "<group>";
		};
/* End PBXGroup section */

/* Begin PBXNativeTarget section */
		965B18542389728F00FFC2AE /* TouchBarKit */ = {
			isa = PBXNativeTarget;
			buildConfigurationList = 965B18652389729000FFC2AE /* Build configuration list for PBXNativeTarget "TouchBarKit" */;
			buildPhases = (
				965B18512389728F00FFC2AE /* Sources */,
				965B18522389728F00FFC2AE /* Frameworks */,
				965B18532389728F00FFC2AE /* Resources */,
				96F49A152389944E00D52C88 /* Embed Frameworks */,
			);
			buildRules = (
			);
			dependencies = (
			);
			name = TouchBarKit;
			productName = TouchBarKit;
			productReference = 965B18552389728F00FFC2AE /* TouchBarKit.app */;
			productType = "com.apple.product-type.application";
		};
/* End PBXNativeTarget section */

/* Begin PBXProject section */
		965B184D2389728F00FFC2AE /* Project object */ = {
			isa = PBXProject;
			attributes = {
				LastSwiftUpdateCheck = 1120;
				LastUpgradeCheck = 1120;
				ORGANIZATIONNAME = Licardo;
				TargetAttributes = {
					965B18542389728F00FFC2AE = {
						CreatedOnToolsVersion = 11.2.1;
						LastSwiftMigration = 1120;
					};
				};
			};
			buildConfigurationList = 965B18502389728F00FFC2AE /* Build configuration list for PBXProject "TouchBarKit" */;
			compatibilityVersion = "Xcode 9.3";
			developmentRegion = en;
			hasScannedForEncodings = 0;
			knownRegions = (
				en,
				Base,
			);
			mainGroup = 965B184C2389728F00FFC2AE;
			productRefGroup = 965B18562389728F00FFC2AE /* Products */;
			projectDirPath = "";
			projectRoot = "";
			targets = (
				965B18542389728F00FFC2AE /* TouchBarKit */,
			);
		};
/* End PBXProject section */

/* Begin PBXResourcesBuildPhase section */
		965B18532389728F00FFC2AE /* Resources */ = {
			isa = PBXResourcesBuildPhase;
			buildActionMask = 2147483647;
			files = (
				965B185D2389729000FFC2AE /* Assets.xcassets in Resources */,
				965B18602389729000FFC2AE /* Main.storyboard in Resources */,
			);
			runOnlyForDeploymentPostprocessing = 0;
		};
/* End PBXResourcesBuildPhase section */

/* Begin PBXSourcesBuildPhase section */
		965B18512389728F00FFC2AE /* Sources */ = {
			isa = PBXSourcesBuildPhase;
			buildActionMask = 2147483647;
			files = (
				965B186A2389731A00FFC2AE /* TouchBar.h in Sources */,
				965B185B2389728F00FFC2AE /* ViewController.swift in Sources */,
				965B18592389728F00FFC2AE /* AppDelegate.swift in Sources */,
			);
			runOnlyForDeploymentPostprocessing = 0;
		};
/* End PBXSourcesBuildPhase section */

/* Begin PBXVariantGroup section */
		965B185E2389729000FFC2AE /* Main.storyboard */ = {
			isa = PBXVariantGroup;
			children = (
				965B185F2389729000FFC2AE /* Base */,
			);
			name = Main.storyboard;
			sourceTree = "<group>";
		};
/* End PBXVariantGroup section */

/* Begin XCBuildConfiguration section */
		965B18632389729000FFC2AE /* Debug */ = {
			isa = XCBuildConfiguration;
			buildSettings = {
				ALWAYS_SEARCH_USER_PATHS = NO;
				CLANG_ANALYZER_NONNULL = YES;
				CLANG_ANALYZER_NUMBER_OBJECT_CONVERSION = YES_AGGRESSIVE;
				CLANG_CXX_LANGUAGE_STANDARD = "gnu++14";
				CLANG_CXX_LIBRARY = "libc++";
				CLANG_ENABLE_MODULES = YES;
				CLANG_ENABLE_OBJC_ARC = YES;
				CLANG_ENABLE_OBJC_WEAK = YES;
				CLANG_WARN_BLOCK_CAPTURE_AUTORELEASING = YES;
				CLANG_WARN_BOOL_CONVERSION = YES;
				CLANG_WARN_COMMA = YES;
				CLANG_WARN_CONSTANT_CONVERSION = YES;
				CLANG_WARN_DEPRECATED_OBJC_IMPLEMENTATIONS = YES;
				CLANG_WARN_DIRECT_OBJC_ISA_USAGE = YES_ERROR;
				CLANG_WARN_DOCUMENTATION_COMMENTS = YES;
				CLANG_WARN_EMPTY_BODY = YES;
				CLANG_WARN_ENUM_CONVERSION = YES;
				CLANG_WARN_INFINITE_RECURSION = YES;
				CLANG_WARN_INT_CONVERSION = YES;
				CLANG_WARN_NON_LITERAL_NULL_CONVERSION = YES;
				CLANG_WARN_OBJC_IMPLICIT_RETAIN_SELF = YES;
				CLANG_WARN_OBJC_LITERAL_CONVERSION = YES;
				CLANG_WARN_OBJC_ROOT_CLASS = YES_ERROR;
				CLANG_WARN_RANGE_LOOP_ANALYSIS = YES;
				CLANG_WARN_STRICT_PROTOTYPES = YES;
				CLANG_WARN_SUSPICIOUS_MOVE = YES;
				CLANG_WARN_UNGUARDED_AVAILABILITY = YES_AGGRESSIVE;
				CLANG_WARN_UNREACHABLE_CODE = YES;
				CLANG_WARN__DUPLICATE_METHOD_MATCH = YES;
				COPY_PHASE_STRIP = NO;
				DEBUG_INFORMATION_FORMAT = dwarf;
				ENABLE_STRICT_OBJC_MSGSEND = YES;
				ENABLE_TESTABILITY = YES;
				GCC_C_LANGUAGE_STANDARD = gnu11;
				GCC_DYNAMIC_NO_PIC = NO;
				GCC_NO_COMMON_BLOCKS = YES;
				GCC_OPTIMIZATION_LEVEL = 0;
				GCC_PREPROCESSOR_DEFINITIONS = (
					"DEBUG=1",
					"$(inherited)",
				);
				GCC_WARN_64_TO_32_BIT_CONVERSION = YES;
				GCC_WARN_ABOUT_RETURN_TYPE = YES_ERROR;
				GCC_WARN_UNDECLARED_SELECTOR = YES;
				GCC_WARN_UNINITIALIZED_AUTOS = YES_AGGRESSIVE;
				GCC_WARN_UNUSED_FUNCTION = YES;
				GCC_WARN_UNUSED_VARIABLE = YES;
				MACOSX_DEPLOYMENT_TARGET = 10.13;
				MTL_ENABLE_DEBUG_INFO = INCLUDE_SOURCE;
				MTL_FAST_MATH = YES;
				ONLY_ACTIVE_ARCH = YES;
				SDKROOT = macosx;
				SWIFT_ACTIVE_COMPILATION_CONDITIONS = DEBUG;
				SWIFT_OPTIMIZATION_LEVEL = "-Onone";
			};
			name = Debug;
		};
		965B18642389729000FFC2AE /* Release */ = {
			isa = XCBuildConfiguration;
			buildSettings = {
				ALWAYS_SEARCH_USER_PATHS = NO;
				CLANG_ANALYZER_NONNULL = YES;
				CLANG_ANALYZER_NUMBER_OBJECT_CONVERSION = YES_AGGRESSIVE;
				CLANG_CXX_LANGUAGE_STANDARD = "gnu++14";
				CLANG_CXX_LIBRARY = "libc++";
				CLANG_ENABLE_MODULES = YES;
				CLANG_ENABLE_OBJC_ARC = YES;
				CLANG_ENABLE_OBJC_WEAK = YES;
				CLANG_WARN_BLOCK_CAPTURE_AUTORELEASING = YES;
				CLANG_WARN_BOOL_CONVERSION = YES;
				CLANG_WARN_COMMA = YES;
				CLANG_WARN_CONSTANT_CONVERSION = YES;
				CLANG_WARN_DEPRECATED_OBJC_IMPLEMENTATIONS = YES;
				CLANG_WARN_DIRECT_OBJC_ISA_USAGE = YES_ERROR;
				CLANG_WARN_DOCUMENTATION_COMMENTS = YES;
				CLANG_WARN_EMPTY_BODY = YES;
				CLANG_WARN_ENUM_CONVERSION = YES;
				CLANG_WARN_INFINITE_RECURSION = YES;
				CLANG_WARN_INT_CONVERSION = YES;
				CLANG_WARN_NON_LITERAL_NULL_CONVERSION = YES;
				CLANG_WARN_OBJC_IMPLICIT_RETAIN_SELF = YES;
				CLANG_WARN_OBJC_LITERAL_CONVERSION = YES;
				CLANG_WARN_OBJC_ROOT_CLASS = YES_ERROR;
				CLANG_WARN_RANGE_LOOP_ANALYSIS = YES;
				CLANG_WARN_STRICT_PROTOTYPES = YES;
				CLANG_WARN_SUSPICIOUS_MOVE = YES;
				CLANG_WARN_UNGUARDED_AVAILABILITY = YES_AGGRESSIVE;
				CLANG_WARN_UNREACHABLE_CODE = YES;
				CLANG_WARN__DUPLICATE_METHOD_MATCH = YES;
				COPY_PHASE_STRIP = NO;
				DEBUG_INFORMATION_FORMAT = "dwarf-with-dsym";
				ENABLE_NS_ASSERTIONS = NO;
				ENABLE_STRICT_OBJC_MSGSEND = YES;
				GCC_C_LANGUAGE_STANDARD = gnu11;
				GCC_NO_COMMON_BLOCKS = YES;
				GCC_WARN_64_TO_32_BIT_CONVERSION = YES;
				GCC_WARN_ABOUT_RETURN_TYPE = YES_ERROR;
				GCC_WARN_UNDECLARED_SELECTOR = YES;
				GCC_WARN_UNINITIALIZED_AUTOS = YES_AGGRESSIVE;
				GCC_WARN_UNUSED_FUNCTION = YES;
				GCC_WARN_UNUSED_VARIABLE = YES;
				MACOSX_DEPLOYMENT_TARGET = 10.13;
				MTL_ENABLE_DEBUG_INFO = NO;
				MTL_FAST_MATH = YES;
				SDKROOT = macosx;
				SWIFT_COMPILATION_MODE = wholemodule;
				SWIFT_OPTIMIZATION_LEVEL = "-O";
			};
			name = Release;
		};
		965B18662389729000FFC2AE /* Debug */ = {
			isa = XCBuildConfiguration;
			buildSettings = {
				ASSETCATALOG_COMPILER_APPICON_NAME = AppIcon;
				CLANG_ENABLE_MODULES = YES;
				CODE_SIGN_ENTITLEMENTS = TouchBarKit/TouchBarKit.entitlements;
				CODE_SIGN_STYLE = Automatic;
				COMBINE_HIDPI_IMAGES = YES;
				DEVELOPMENT_TEAM = 2U23P5CPX2;
				ENABLE_HARDENED_RUNTIME = YES;
				INFOPLIST_FILE = TouchBarKit/Info.plist;
				LD_RUNPATH_SEARCH_PATHS = (
					"$(inherited)",
					"@executable_path/../Frameworks",
				);
				PRODUCT_BUNDLE_IDENTIFIER = cn.licardo.TouchBarKit;
				PRODUCT_NAME = "$(TARGET_NAME)";
				SWIFT_OBJC_BRIDGING_HEADER = "TouchBarKit/TouchBar/TouchBarKit-Bridging-Header.h";
				SWIFT_OPTIMIZATION_LEVEL = "-Onone";
				SWIFT_VERSION = 5.0;
				SYSTEM_FRAMEWORK_SEARCH_PATHS = (
					"$(inherited)",
					"$(SYSTEM_LIBRARY_DIR)/PrivateFrameworks",
				);
			};
			name = Debug;
		};
		965B18672389729000FFC2AE /* Release */ = {
			isa = XCBuildConfiguration;
			buildSettings = {
				ASSETCATALOG_COMPILER_APPICON_NAME = AppIcon;
				CLANG_ENABLE_MODULES = YES;
				CODE_SIGN_ENTITLEMENTS = TouchBarKit/TouchBarKit.entitlements;
				CODE_SIGN_STYLE = Automatic;
				COMBINE_HIDPI_IMAGES = YES;
				DEVELOPMENT_TEAM = 2U23P5CPX2;
				ENABLE_HARDENED_RUNTIME = YES;
				INFOPLIST_FILE = TouchBarKit/Info.plist;
				LD_RUNPATH_SEARCH_PATHS = (
					"$(inherited)",
					"@executable_path/../Frameworks",
				);
				PRODUCT_BUNDLE_IDENTIFIER = cn.licardo.TouchBarKit;
				PRODUCT_NAME = "$(TARGET_NAME)";
				SWIFT_OBJC_BRIDGING_HEADER = "TouchBarKit/TouchBar/TouchBarKit-Bridging-Header.h";
				SWIFT_VERSION = 5.0;
				SYSTEM_FRAMEWORK_SEARCH_PATHS = (
					"$(inherited)",
					"$(SYSTEM_LIBRARY_DIR)/PrivateFrameworks",
				);
			};
			name = Release;
		};
/* End XCBuildConfiguration section */

/* Begin XCConfigurationList section */
		965B18502389728F00FFC2AE /* Build configuration list for PBXProject "TouchBarKit" */ = {
			isa = XCConfigurationList;
			buildConfigurations = (
				965B18632389729000FFC2AE /* Debug */,
				965B18642389729000FFC2AE /* Release */,
			);
			defaultConfigurationIsVisible = 0;
			defaultConfigurationName = Release;
		};
		965B18652389729000FFC2AE /* Build configuration list for PBXNativeTarget "TouchBarKit" */ = {
			isa = XCConfigurationList;
			buildConfigurations = (
				965B18662389729000FFC2AE /* Debug */,
				965B18672389729000FFC2AE /* Release */,
			);
			defaultConfigurationIsVisible = 0;
			defaultConfigurationName = Release;
		};
/* End XCConfigurationList section */
	};
	rootObject = 965B184D2389728F00FFC2AE /* Project object */;
}
